
Microsoft Visual Studio Solution File, Format Version 12.00
# Visual Studio Version 16
VisualStudioVersion = 16.0.33529.622
MinimumVisualStudioVersion = 10.0.40219.1
Project("{FAE04EC0-301F-11D3-BF4B-00C04F79EFBC}") = "Lekcja 21 - Praca domowa", "Lekcja 21 - Praca domowa\Lekcja 21 - Praca domowa.csproj", "{6DBBF635-7B3E-4846-9841-C8F9075E422B}"
EndProject
Global
	GlobalSection(SolutionConfigurationPlatforms) = preSolution
		Debug|Any CPU = Debug|Any CPU
		Release|Any CPU = Release|Any CPU
	EndGlobalSection
	GlobalSection(ProjectConfigurationPlatforms) = postSolution
		{6DBBF635-7B3E-4846-9841-C8F9075E422B}.Debug|Any CPU.ActiveCfg = Debug|Any CPU
		{6DBBF635-7B3E-4846-9841-C8F9075E422B}.Debug|Any CPU.Build.0 = Debug|Any CPU
		{6DBBF635-7B3E-4846-9841-C8F9075E422B}.Release|Any CPU.ActiveCfg = Release|Any CPU
		{6DBBF635-7B3E-4846-9841-C8F9075E422B}.Release|Any CPU.Build.0 = Release|Any CPU
	EndGlobalSection
	GlobalSection(SolutionProperties) = preSolution
		HideSolutionNode = FALSE
	EndGlobalSection
	GlobalSection(ExtensibilityGlobals) = postSolution
		SolutionGuid = {D092A14C-70D1-4C19-8E87-96C8BC69F08A}
	EndGlobalSection
EndGlobal
